
Microsoft Visual Studio Solution File, Format Version 12.00
# Visual Studio 14
VisualStudioVersion = 14.0.25420.1
MinimumVisualStudioVersion = 10.0.40219.1
Project("{FAE04EC0-301F-11D3-BF4B-00C04F79EFBC}") = "SedolValidator.Core", "SedolValidator.Core\SedolValidator.Core.csproj", "{2677F0E2-1171-41B3-B895-DB336E88DD10}"
EndProject
Project("{FAE04EC0-301F-11D3-BF4B-00C04F79EFBC}") = "SedolValidator.Tests", "SedolValidator.Tests\SedolValidator.Tests.csproj", "{DD029DEA-4FC8-479B-9EE2-80B603944B6A}"
EndProject
Project("{2150E333-8FDC-42A3-9474-1A3956D46DE8}") = "Solution Items", "Solution Items", "{A67EF823-986E-4F7A-BE39-E314A30DB12E}"
	ProjectSection(SolutionItems) = preProject
		README.md = README.md
		Test.md = Test.md
	EndProjectSection
EndProject
Global
	GlobalSection(SolutionConfigurationPlatforms) = preSolution
		Debug|Any CPU = Debug|Any CPU
		Release|Any CPU = Release|Any CPU
	EndGlobalSection
	GlobalSection(ProjectConfigurationPlatforms) = postSolution
		{2677F0E2-1171-41B3-B895-DB336E88DD10}.Debug|Any CPU.ActiveCfg = Debug|Any CPU
		{2677F0E2-1171-41B3-B895-DB336E88DD10}.Debug|Any CPU.Build.0 = Debug|Any CPU
		{2677F0E2-1171-41B3-B895-DB336E88DD10}.Release|Any CPU.ActiveCfg = Release|Any CPU
		{2677F0E2-1171-41B3-B895-DB336E88DD10}.Release|Any CPU.Build.0 = Release|Any CPU
		{DD029DEA-4FC8-479B-9EE2-80B603944B6A}.Debug|Any CPU.ActiveCfg = Debug|Any CPU
		{DD029DEA-4FC8-479B-9EE2-80B603944B6A}.Debug|Any CPU.Build.0 = Debug|Any CPU
		{DD029DEA-4FC8-479B-9EE2-80B603944B6A}.Release|Any CPU.ActiveCfg = Release|Any CPU
		{DD029DEA-4FC8-479B-9EE2-80B603944B6A}.Release|Any CPU.Build.0 = Release|Any CPU
	EndGlobalSection
	GlobalSection(SolutionProperties) = preSolution
		HideSolutionNode = FALSE
	EndGlobalSection
	GlobalSection(ExtensibilityGlobals) = postSolution
		SolutionGuid = {9B450297-76DE-4C84-8075-241CED5546ED}
	EndGlobalSection
EndGlobal
